
Microsoft Visual Studio Solution File, Format Version 12.00
# Visual Studio Version 17
VisualStudioVersion = 17.1.32414.318
MinimumVisualStudioVersion = 10.0.40219.1
Project("{FAE04EC0-301F-11D3-BF4B-00C04F79EFBC}") = "PriorityApp", "PriorityApp.csproj", "{FFDE536F-E0E3-4063-B284-1DFEB115641F}"
EndProject
Global
	GlobalSection(SolutionConfigurationPlatforms) = preSolution
		Debug|Any CPU = Debug|Any CPU
		Release|Any CPU = Release|Any CPU
	EndGlobalSection
	GlobalSection(ProjectConfigurationPlatforms) = postSolution
		{FFDE536F-E0E3-4063-B284-1DFEB115641F}.Debug|Any CPU.ActiveCfg = Debug|Any CPU
		{FFDE536F-E0E3-4063-B284-1DFEB115641F}.Debug|Any CPU.Build.0 = Debug|Any CPU
		{FFDE536F-E0E3-4063-B284-1DFEB115641F}.Release|Any CPU.ActiveCfg = Release|Any CPU
		{FFDE536F-E0E3-4063-B284-1DFEB115641F}.Release|Any CPU.Build.0 = Release|Any CPU
	EndGlobalSection
	GlobalSection(SolutionProperties) = preSolution
		HideSolutionNode = FALSE
	EndGlobalSection
	GlobalSection(ExtensibilityGlobals) = postSolution
		SolutionGuid = {57E45CBF-42F1-4DAA-8B36-71B6072B86AA}
	EndGlobalSection
EndGlobal
